
Microsoft Visual Studio Solution File, Format Version 12.00
# Visual Studio Version 17
VisualStudioVersion = 17.0.31903.59
MinimumVisualStudioVersion = 10.0.40219.1
Project("{FAE04EC0-301F-11D3-BF4B-00C04F79EFBC}") = "Server", "Server\Server.csproj", "{AB5C0401-93FC-4138-B547-6CF7648A9600}"
EndProject
Project("{FAE04EC0-301F-11D3-BF4B-00C04F79EFBC}") = "Client", "Client\Client.csproj", "{58935E7D-0E39-42F1-A60F-16C600E91B77}"
EndProject
Global
	GlobalSection(SolutionConfigurationPlatforms) = preSolution
		Debug|Any CPU = Debug|Any CPU
		Release|Any CPU = Release|Any CPU
	EndGlobalSection
	GlobalSection(SolutionProperties) = preSolution
		HideSolutionNode = FALSE
	EndGlobalSection
	GlobalSection(ProjectConfigurationPlatforms) = postSolution
		{AB5C0401-93FC-4138-B547-6CF7648A9600}.Debug|Any CPU.ActiveCfg = Debug|Any CPU
		{AB5C0401-93FC-4138-B547-6CF7648A9600}.Debug|Any CPU.Build.0 = Debug|Any CPU
		{AB5C0401-93FC-4138-B547-6CF7648A9600}.Release|Any CPU.ActiveCfg = Release|Any CPU
		{AB5C0401-93FC-4138-B547-6CF7648A9600}.Release|Any CPU.Build.0 = Release|Any CPU
		{58935E7D-0E39-42F1-A60F-16C600E91B77}.Debug|Any CPU.ActiveCfg = Debug|Any CPU
		{58935E7D-0E39-42F1-A60F-16C600E91B77}.Debug|Any CPU.Build.0 = Debug|Any CPU
		{58935E7D-0E39-42F1-A60F-16C600E91B77}.Release|Any CPU.ActiveCfg = Release|Any CPU
		{58935E7D-0E39-42F1-A60F-16C600E91B77}.Release|Any CPU.Build.0 = Release|Any CPU
	EndGlobalSection
EndGlobal
